
Microsoft Visual Studio Solution File, Format Version 12.00
# Visual Studio 14
VisualStudioVersion = 14.0.25420.1
MinimumVisualStudioVersion = 10.0.40219.1
Project("{FAE04EC0-301F-11D3-BF4B-00C04F79EFBC}") = "ServerHTTP", "ServerHTTP\ServerHTTP.csproj", "{79FBB651-8DBF-42EA-9A29-F84E7A6ACB43}"
EndProject
Global
	GlobalSection(SolutionConfigurationPlatforms) = preSolution
		Debug|Any CPU = Debug|Any CPU
		Release|Any CPU = Release|Any CPU
	EndGlobalSection
	GlobalSection(ProjectConfigurationPlatforms) = postSolution
		{79FBB651-8DBF-42EA-9A29-F84E7A6ACB43}.Debug|Any CPU.ActiveCfg = Debug|Any CPU
		{79FBB651-8DBF-42EA-9A29-F84E7A6ACB43}.Debug|Any CPU.Build.0 = Debug|Any CPU
		{79FBB651-8DBF-42EA-9A29-F84E7A6ACB43}.Release|Any CPU.ActiveCfg = Release|Any CPU
		{79FBB651-8DBF-42EA-9A29-F84E7A6ACB43}.Release|Any CPU.Build.0 = Release|Any CPU
	EndGlobalSection
	GlobalSection(SolutionProperties) = preSolution
		HideSolutionNode = FALSE
	EndGlobalSection
EndGlobal
